PODS:
  - Gormsson (0.5.2):
    - Nevanlinna
  - Nevanlinna (0.3.2)

DEPENDENCIES:
  - Gormsson
  - Nevanlinna

SPEC REPOS:
  https://github.com/CocoaPods/Specs.git:
    - Gormsson
    - Nevanlinna

SPEC CHECKSUMS:
  Gormsson: 5efa2f695b0ee04f3c5e1758ccdd7e4b614d852e
  Nevanlinna: 4e01e872aad671c3a4f191086f9c518243f79491

PODFILE CHECKSUM: 879c8530a64d621eb78867c91b56bf17f50fcc39

COCOAPODS: 1.8.3
