PODS:
  - Gormsson (0.7.3):
    - Nevanlinna
  - Nevanlinna (0.5.0)

DEPENDENCIES:
  - Gormsson (from `../Gormsson`)
  - Nevanlinna

SPEC REPOS:
  trunk:
    - Nevanlinna

EXTERNAL SOURCES:
  Gormsson:
    :path: "../Gormsson"

SPEC CHECKSUMS:
  Gormsson: eec960b469fe70e48da27ee4d31ef2fca654e2cd
  Nevanlinna: 112093bcc8601612aaeb84b1413f92c59b295ead

PODFILE CHECKSUM: 2c1e9ce3269c438d953894eebda662fac9433abf

COCOAPODS: 1.8.3
