{
  "object": {
    "pins": [
      {
        "package": "Nevanlinna",
        "repositoryURL": "https://github.com/MoveUpwards/Nevanlinna.git",
        "state": {
          "branch": null,
          "revision": "0e9b0d27aeac1829a13ab7f8f021f05216a2050f",
          "version": "0.8.0"
        }
      }
    ]
  },
  "version": 1
}
