// !$*UTF8*$!
{
	archiveVersion = 1;
	classes = {
	};
	objectVersion = 50;
	objects = {

/* Begin PBXBuildFile section */
		F3502AA5225F97E300814ECC /* Assets.xcassets in Resources */ = {isa = PBXBuildFile; fileRef = F3502A9F225F97E300814ECC /* Assets.xcassets */; };
		F3502AA6225F97E300814ECC /* AppDelegate.swift in Sources */ = {isa = PBXBuildFile; fileRef = F3502AA0225F97E300814ECC /* AppDelegate.swift */; };
		F3502AA8225F97E300814ECC /* ViewController.swift in Sources */ = {isa = PBXBuildFile; fileRef = F3502AA2225F97E300814ECC /* ViewController.swift */; };
		F3502AAA225F980200814ECC /* Gormsson.framework in Frameworks */ = {isa = PBXBuildFile; fileRef = F3502AA9225F980200814ECC /* Gormsson.framework */; };
		F3502AAB225F980200814ECC /* Gormsson.framework in Embed Frameworks */ = {isa = PBXBuildFile; fileRef = F3502AA9225F980200814ECC /* Gormsson.framework */; settings = {ATTRIBUTES = (CodeSignOnCopy, RemoveHeadersOnCopy, ); }; };
		F3502AB1225F980D00814ECC /* LaunchScreen.storyboard in Resources */ = {isa = PBXBuildFile; fileRef = F3502AAD225F980D00814ECC /* LaunchScreen.storyboard */; };
		F3502AB2225F980D00814ECC /* Main.storyboard in Resources */ = {isa = PBXBuildFile; fileRef = F3502AAF225F980D00814ECC /* Main.storyboard */; };
		F3643646227073FE005D6C70 /* Nevanlinna.framework in Frameworks */ = {isa = PBXBuildFile; fileRef = F3643645227073FE005D6C70 /* Nevanlinna.framework */; };
		F3643647227073FE005D6C70 /* Nevanlinna.framework in Embed Frameworks */ = {isa = PBXBuildFile; fileRef = F3643645227073FE005D6C70 /* Nevanlinna.framework */; settings = {ATTRIBUTES = (CodeSignOnCopy, RemoveHeadersOnCopy, ); }; };
/* End PBXBuildFile section */

/* Begin PBXCopyFilesBuildPhase section */
		F3502AAC225F980200814ECC /* Embed Frameworks */ = {
			isa = PBXCopyFilesBuildPhase;
			buildActionMask = 2147483647;
			dstPath = "";
			dstSubfolderSpec = 10;
			files = (
				F3643647227073FE005D6C70 /* Nevanlinna.framework in Embed Frameworks */,
				F3502AAB225F980200814ECC /* Gormsson.framework in Embed Frameworks */,
			);
			name = "Embed Frameworks";
			runOnlyForDeploymentPostprocessing = 0;
		};
/* End PBXCopyFilesBuildPhase section */

/* Begin PBXFileReference section */
		F3502A7E225F97A600814ECC /* HeartRateDemo.app */ = {isa = PBXFileReference; explicitFileType = wrapper.application; includeInIndex = 0; path = HeartRateDemo.app; sourceTree = BUILT_PRODUCTS_DIR; };
		F3502A99225F97E200814ECC /* HeartRateDemo-Bridging-Header.h */ = {isa = PBXFileReference; lastKnownFileType = sourcecode.c.h; path = "HeartRateDemo-Bridging-Header.h"; sourceTree = "<group>"; };
		F3502A9F225F97E300814ECC /* Assets.xcassets */ = {isa = PBXFileReference; lastKnownFileType = folder.assetcatalog; path = Assets.xcassets; sourceTree = "<group>"; };
		F3502AA0225F97E300814ECC /* AppDelegate.swift */ = {isa = PBXFileReference; fileEncoding = 4; lastKnownFileType = sourcecode.swift; path = AppDelegate.swift; sourceTree = "<group>"; };
		F3502AA1225F97E300814ECC /* Info.plist */ = {isa = PBXFileReference; fileEncoding = 4; lastKnownFileType = text.plist.xml; path = Info.plist; sourceTree = "<group>"; };
		F3502AA2225F97E300814ECC /* ViewController.swift */ = {isa = PBXFileReference; fileEncoding = 4; lastKnownFileType = sourcecode.swift; path = ViewController.swift; sourceTree = "<group>"; };
		F3502AA9225F980200814ECC /* Gormsson.framework */ = {isa = PBXFileReference; explicitFileType = wrapper.framework; path = Gormsson.framework; sourceTree = BUILT_PRODUCTS_DIR; };
		F3502AAE225F980D00814ECC /* Base */ = {isa = PBXFileReference; lastKnownFileType = file.storyboard; name = Base; path = Base.lproj/LaunchScreen.storyboard; sourceTree = "<group>"; };
		F3502AB0225F980D00814ECC /* Base */ = {isa = PBXFileReference; lastKnownFileType = file.storyboard; name = Base; path = Base.lproj/Main.storyboard; sourceTree = "<group>"; };
		F3643645227073FE005D6C70 /* Nevanlinna.framework */ = {isa = PBXFileReference; explicitFileType = wrapper.framework; path = Nevanlinna.framework; sourceTree = BUILT_PRODUCTS_DIR; };
/* End PBXFileReference section */

/* Begin PBXFrameworksBuildPhase section */
		F3502A7B225F97A600814ECC /* Frameworks */ = {
			isa = PBXFrameworksBuildPhase;
			buildActionMask = 2147483647;
			files = (
				F3643646227073FE005D6C70 /* Nevanlinna.framework in Frameworks */,
				F3502AAA225F980200814ECC /* Gormsson.framework in Frameworks */,
			);
			runOnlyForDeploymentPostprocessing = 0;
		};
/* End PBXFrameworksBuildPhase section */

/* Begin PBXGroup section */
		F3502A75225F97A600814ECC = {
			isa = PBXGroup;
			children = (
				F3643645227073FE005D6C70 /* Nevanlinna.framework */,
				F3502AA9225F980200814ECC /* Gormsson.framework */,
				F3502A99225F97E200814ECC /* HeartRateDemo-Bridging-Header.h */,
				F3502AA1225F97E300814ECC /* Info.plist */,
				F3502AA0225F97E300814ECC /* AppDelegate.swift */,
				F3502AA2225F97E300814ECC /* ViewController.swift */,
				F3502AAD225F980D00814ECC /* LaunchScreen.storyboard */,
				F3502AAF225F980D00814ECC /* Main.storyboard */,
				F3502A9F225F97E300814ECC /* Assets.xcassets */,
				F3502A7F225F97A600814ECC /* Products */,
			);
			sourceTree = "<group>";
		};
		F3502A7F225F97A600814ECC /* Products */ = {
			isa = PBXGroup;
			children = (
				F3502A7E225F97A600814ECC /* HeartRateDemo.app */,
			);
			name = Products;
			sourceTree = "<group>";
		};
/* End PBXGroup section */

/* Begin PBXNativeTarget section */
		F3502A7D225F97A600814ECC /* HeartRateDemo */ = {
			isa = PBXNativeTarget;
			buildConfigurationList = F3502A90225F97A800814ECC /* Build configuration list for PBXNativeTarget "HeartRateDemo" */;
			buildPhases = (
				F3502A7A225F97A600814ECC /* Sources */,
				F3502A7B225F97A600814ECC /* Frameworks */,
				F3502A7C225F97A600814ECC /* Resources */,
				F3502AAC225F980200814ECC /* Embed Frameworks */,
			);
			buildRules = (
			);
			dependencies = (
			);
			name = HeartRateDemo;
			productName = HeartRateDemo;
			productReference = F3502A7E225F97A600814ECC /* HeartRateDemo.app */;
			productType = "com.apple.product-type.application";
		};
/* End PBXNativeTarget section */

/* Begin PBXProject section */
		F3502A76225F97A600814ECC /* Project object */ = {
			isa = PBXProject;
			attributes = {
				LastSwiftUpdateCheck = 1020;
				LastUpgradeCheck = 1020;
				ORGANIZATIONNAME = "Loïc GRIFFIE";
				TargetAttributes = {
					F3502A7D225F97A600814ECC = {
						CreatedOnToolsVersion = 10.2;
						LastSwiftMigration = 1020;
					};
				};
			};
			buildConfigurationList = F3502A79225F97A600814ECC /* Build configuration list for PBXProject "HeartRateDemo" */;
			compatibilityVersion = "Xcode 9.3";
			developmentRegion = en;
			hasScannedForEncodings = 0;
			knownRegions = (
				en,
				Base,
			);
			mainGroup = F3502A75225F97A600814ECC;
			productRefGroup = F3502A7F225F97A600814ECC /* Products */;
			projectDirPath = "";
			projectRoot = "";
			targets = (
				F3502A7D225F97A600814ECC /* HeartRateDemo */,
			);
		};
/* End PBXProject section */

/* Begin PBXResourcesBuildPhase section */
		F3502A7C225F97A600814ECC /* Resources */ = {
			isa = PBXResourcesBuildPhase;
			buildActionMask = 2147483647;
			files = (
				F3502AB2225F980D00814ECC /* Main.storyboard in Resources */,
				F3502AA5225F97E300814ECC /* Assets.xcassets in Resources */,
				F3502AB1225F980D00814ECC /* LaunchScreen.storyboard in Resources */,
			);
			runOnlyForDeploymentPostprocessing = 0;
		};
/* End PBXResourcesBuildPhase section */

/* Begin PBXSourcesBuildPhase section */
		F3502A7A225F97A600814ECC /* Sources */ = {
			isa = PBXSourcesBuildPhase;
			buildActionMask = 2147483647;
			files = (
				F3502AA8225F97E300814ECC /* ViewController.swift in Sources */,
				F3502AA6225F97E300814ECC /* AppDelegate.swift in Sources */,
			);
			runOnlyForDeploymentPostprocessing = 0;
		};
/* End PBXSourcesBuildPhase section */

/* Begin PBXVariantGroup section */
		F3502AAD225F980D00814ECC /* LaunchScreen.storyboard */ = {
			isa = PBXVariantGroup;
			children = (
				F3502AAE225F980D00814ECC /* Base */,
			);
			name = LaunchScreen.storyboard;
			sourceTree = "<group>";
		};
		F3502AAF225F980D00814ECC /* Main.storyboard */ = {
			isa = PBXVariantGroup;
			children = (
				F3502AB0225F980D00814ECC /* Base */,
			);
			name = Main.storyboard;
			sourceTree = "<group>";
		};
/* End PBXVariantGroup section */

/* Begin XCBuildConfiguration section */
		F3502A8E225F97A800814ECC /* Debug */ = {
			isa = XCBuildConfiguration;
			buildSettings = {
				ALWAYS_SEARCH_USER_PATHS = NO;
				CLANG_ANALYZER_NONNULL = YES;
				CLANG_ANALYZER_NUMBER_OBJECT_CONVERSION = YES_AGGRESSIVE;
				CLANG_CXX_LANGUAGE_STANDARD = "gnu++14";
				CLANG_CXX_LIBRARY = "libc++";
				CLANG_ENABLE_MODULES = YES;
				CLANG_ENABLE_OBJC_ARC = YES;
				CLANG_ENABLE_OBJC_WEAK = YES;
				CLANG_WARN_BLOCK_CAPTURE_AUTORELEASING = YES;
				CLANG_WARN_BOOL_CONVERSION = YES;
				CLANG_WARN_COMMA = YES;
				CLANG_WARN_CONSTANT_CONVERSION = YES;
				CLANG_WARN_DEPRECATED_OBJC_IMPLEMENTATIONS = YES;
				CLANG_WARN_DIRECT_OBJC_ISA_USAGE = YES_ERROR;
				CLANG_WARN_DOCUMENTATION_COMMENTS = YES;
				CLANG_WARN_EMPTY_BODY = YES;
				CLANG_WARN_ENUM_CONVERSION = YES;
				CLANG_WARN_INFINITE_RECURSION = YES;
				CLANG_WARN_INT_CONVERSION = YES;
				CLANG_WARN_NON_LITERAL_NULL_CONVERSION = YES;
				CLANG_WARN_OBJC_IMPLICIT_RETAIN_SELF = YES;
				CLANG_WARN_OBJC_LITERAL_CONVERSION = YES;
				CLANG_WARN_OBJC_ROOT_CLASS = YES_ERROR;
				CLANG_WARN_RANGE_LOOP_ANALYSIS = YES;
				CLANG_WARN_STRICT_PROTOTYPES = YES;
				CLANG_WARN_SUSPICIOUS_MOVE = YES;
				CLANG_WARN_UNGUARDED_AVAILABILITY = YES_AGGRESSIVE;
				CLANG_WARN_UNREACHABLE_CODE = YES;
				CLANG_WARN__DUPLICATE_METHOD_MATCH = YES;
				CODE_SIGN_IDENTITY = "iPhone Developer";
				COPY_PHASE_STRIP = NO;
				DEBUG_INFORMATION_FORMAT = dwarf;
				ENABLE_STRICT_OBJC_MSGSEND = YES;
				ENABLE_TESTABILITY = YES;
				GCC_C_LANGUAGE_STANDARD = gnu11;
				GCC_DYNAMIC_NO_PIC = NO;
				GCC_NO_COMMON_BLOCKS = YES;
				GCC_OPTIMIZATION_LEVEL = 0;
				GCC_PREPROCESSOR_DEFINITIONS = (
					"DEBUG=1",
					"$(inherited)",
				);
				GCC_WARN_64_TO_32_BIT_CONVERSION = YES;
				GCC_WARN_ABOUT_RETURN_TYPE = YES_ERROR;
				GCC_WARN_UNDECLARED_SELECTOR = YES;
				GCC_WARN_UNINITIALIZED_AUTOS = YES_AGGRESSIVE;
				GCC_WARN_UNUSED_FUNCTION = YES;
				GCC_WARN_UNUSED_VARIABLE = YES;
				IPHONEOS_DEPLOYMENT_TARGET = 12.2;
				MTL_ENABLE_DEBUG_INFO = INCLUDE_SOURCE;
				MTL_FAST_MATH = YES;
				ONLY_ACTIVE_ARCH = YES;
				SDKROOT = iphoneos;
				SWIFT_ACTIVE_COMPILATION_CONDITIONS = DEBUG;
				SWIFT_OPTIMIZATION_LEVEL = "-Onone";
			};
			name = Debug;
		};
		F3502A8F225F97A800814ECC /* Release */ = {
			isa = XCBuildConfiguration;
			buildSettings = {
				ALWAYS_SEARCH_USER_PATHS = NO;
				CLANG_ANALYZER_NONNULL = YES;
				CLANG_ANALYZER_NUMBER_OBJECT_CONVERSION = YES_AGGRESSIVE;
				CLANG_CXX_LANGUAGE_STANDARD = "gnu++14";
				CLANG_CXX_LIBRARY = "libc++";
				CLANG_ENABLE_MODULES = YES;
				CLANG_ENABLE_OBJC_ARC = YES;
				CLANG_ENABLE_OBJC_WEAK = YES;
				CLANG_WARN_BLOCK_CAPTURE_AUTORELEASING = YES;
				CLANG_WARN_BOOL_CONVERSION = YES;
				CLANG_WARN_COMMA = YES;
				CLANG_WARN_CONSTANT_CONVERSION = YES;
				CLANG_WARN_DEPRECATED_OBJC_IMPLEMENTATIONS = YES;
				CLANG_WARN_DIRECT_OBJC_ISA_USAGE = YES_ERROR;
				CLANG_WARN_DOCUMENTATION_COMMENTS = YES;
				CLANG_WARN_EMPTY_BODY = YES;
				CLANG_WARN_ENUM_CONVERSION = YES;
				CLANG_WARN_INFINITE_RECURSION = YES;
				CLANG_WARN_INT_CONVERSION = YES;
				CLANG_WARN_NON_LITERAL_NULL_CONVERSION = YES;
				CLANG_WARN_OBJC_IMPLICIT_RETAIN_SELF = YES;
				CLANG_WARN_OBJC_LITERAL_CONVERSION = YES;
				CLANG_WARN_OBJC_ROOT_CLASS = YES_ERROR;
				CLANG_WARN_RANGE_LOOP_ANALYSIS = YES;
				CLANG_WARN_STRICT_PROTOTYPES = YES;
				CLANG_WARN_SUSPICIOUS_MOVE = YES;
				CLANG_WARN_UNGUARDED_AVAILABILITY = YES_AGGRESSIVE;
				CLANG_WARN_UNREACHABLE_CODE = YES;
				CLANG_WARN__DUPLICATE_METHOD_MATCH = YES;
				CODE_SIGN_IDENTITY = "iPhone Developer";
				COPY_PHASE_STRIP = NO;
				DEBUG_INFORMATION_FORMAT = "dwarf-with-dsym";
				ENABLE_NS_ASSERTIONS = NO;
				ENABLE_STRICT_OBJC_MSGSEND = YES;
				GCC_C_LANGUAGE_STANDARD = gnu11;
				GCC_NO_COMMON_BLOCKS = YES;
				GCC_WARN_64_TO_32_BIT_CONVERSION = YES;
				GCC_WARN_ABOUT_RETURN_TYPE = YES_ERROR;
				GCC_WARN_UNDECLARED_SELECTOR = YES;
				GCC_WARN_UNINITIALIZED_AUTOS = YES_AGGRESSIVE;
				GCC_WARN_UNUSED_FUNCTION = YES;
				GCC_WARN_UNUSED_VARIABLE = YES;
				IPHONEOS_DEPLOYMENT_TARGET = 12.2;
				MTL_ENABLE_DEBUG_INFO = NO;
				MTL_FAST_MATH = YES;
				SDKROOT = iphoneos;
				SWIFT_COMPILATION_MODE = wholemodule;
				SWIFT_OPTIMIZATION_LEVEL = "-O";
				VALIDATE_PRODUCT = YES;
			};
			name = Release;
		};
		F3502A91225F97A800814ECC /* Debug */ = {
			isa = XCBuildConfiguration;
			buildSettings = {
				ASSETCATALOG_COMPILER_APPICON_NAME = AppIcon;
				CLANG_ENABLE_MODULES = YES;
				CODE_SIGN_STYLE = Automatic;
				DEVELOPMENT_TEAM = W6S4Z2KMUS;
				INFOPLIST_FILE = Info.plist;
				IPHONEOS_DEPLOYMENT_TARGET = 9.1;
				LD_RUNPATH_SEARCH_PATHS = (
					"$(inherited)",
					"@executable_path/Frameworks",
				);
				PRODUCT_BUNDLE_IDENTIFIER = com.surfin.HeartRateDemo;
				PRODUCT_NAME = "$(TARGET_NAME)";
				SWIFT_OBJC_BRIDGING_HEADER = "HeartRateDemo-Bridging-Header.h";
				SWIFT_OPTIMIZATION_LEVEL = "-Onone";
				SWIFT_VERSION = 5.0;
				TARGETED_DEVICE_FAMILY = "1,2";
			};
			name = Debug;
		};
		F3502A92225F97A800814ECC /* Release */ = {
			isa = XCBuildConfiguration;
			buildSettings = {
				ASSETCATALOG_COMPILER_APPICON_NAME = AppIcon;
				CLANG_ENABLE_MODULES = YES;
				CODE_SIGN_STYLE = Automatic;
				DEVELOPMENT_TEAM = W6S4Z2KMUS;
				INFOPLIST_FILE = Info.plist;
				IPHONEOS_DEPLOYMENT_TARGET = 9.1;
				LD_RUNPATH_SEARCH_PATHS = (
					"$(inherited)",
					"@executable_path/Frameworks",
				);
				PRODUCT_BUNDLE_IDENTIFIER = com.surfin.HeartRateDemo;
				PRODUCT_NAME = "$(TARGET_NAME)";
				SWIFT_OBJC_BRIDGING_HEADER = "HeartRateDemo-Bridging-Header.h";
				SWIFT_VERSION = 5.0;
				TARGETED_DEVICE_FAMILY = "1,2";
			};
			name = Release;
		};
/* End XCBuildConfiguration section */

/* Begin XCConfigurationList section */
		F3502A79225F97A600814ECC /* Build configuration list for PBXProject "HeartRateDemo" */ = {
			isa = XCConfigurationList;
			buildConfigurations = (
				F3502A8E225F97A800814ECC /* Debug */,
				F3502A8F225F97A800814ECC /* Release */,
			);
			defaultConfigurationIsVisible = 0;
			defaultConfigurationName = Release;
		};
		F3502A90225F97A800814ECC /* Build configuration list for PBXNativeTarget "HeartRateDemo" */ = {
			isa = XCConfigurationList;
			buildConfigurations = (
				F3502A91225F97A800814ECC /* Debug */,
				F3502A92225F97A800814ECC /* Release */,
			);
			defaultConfigurationIsVisible = 0;
			defaultConfigurationName = Release;
		};
/* End XCConfigurationList section */
	};
	rootObject = F3502A76225F97A600814ECC /* Project object */;
}
