// !$*UTF8*$!
{
	archiveVersion = 1;
	classes = {
	};
	objectVersion = 50;
	objects = {

/* Begin PBXBuildFile section */
		F364363D227072F1005D6C70 /* Gormsson.framework in Frameworks */ = {isa = PBXBuildFile; fileRef = F364363C227072F1005D6C70 /* Gormsson.framework */; };
		F364363E227072F1005D6C70 /* Gormsson.framework in Embed Frameworks */ = {isa = PBXBuildFile; fileRef = F364363C227072F1005D6C70 /* Gormsson.framework */; settings = {ATTRIBUTES = (CodeSignOnCopy, RemoveHeadersOnCopy, ); }; };
		F3643643227073CE005D6C70 /* Nevanlinna.framework in Frameworks */ = {isa = PBXBuildFile; fileRef = F364363422707298005D6C70 /* Nevanlinna.framework */; };
		F3643644227073CE005D6C70 /* Nevanlinna.framework in Embed Frameworks */ = {isa = PBXBuildFile; fileRef = F364363422707298005D6C70 /* Nevanlinna.framework */; settings = {ATTRIBUTES = (CodeSignOnCopy, RemoveHeadersOnCopy, ); }; };
		F39E39FF225E3A6A003804A7 /* AppDelegate.swift in Sources */ = {isa = PBXBuildFile; fileRef = F39E39F6225E3A69003804A7 /* AppDelegate.swift */; };
		F39E3A00225E3A6A003804A7 /* Assets.xcassets in Resources */ = {isa = PBXBuildFile; fileRef = F39E39F7225E3A69003804A7 /* Assets.xcassets */; };
		F39E3A02225E3A6A003804A7 /* DetailViewController.swift in Sources */ = {isa = PBXBuildFile; fileRef = F39E39F9225E3A69003804A7 /* DetailViewController.swift */; };
		F39E3A03225E3A6A003804A7 /* GPSControlService.swift in Sources */ = {isa = PBXBuildFile; fileRef = F39E39FB225E3A69003804A7 /* GPSControlService.swift */; };
		F39E3A04225E3A6A003804A7 /* MasterViewController.swift in Sources */ = {isa = PBXBuildFile; fileRef = F39E39FC225E3A6A003804A7 /* MasterViewController.swift */; };
		F39E3A10225E3AD0003804A7 /* LaunchScreen.storyboard in Resources */ = {isa = PBXBuildFile; fileRef = F39E3A0C225E3AD0003804A7 /* LaunchScreen.storyboard */; };
		F39E3A11225E3AD0003804A7 /* Main.storyboard in Resources */ = {isa = PBXBuildFile; fileRef = F39E3A0E225E3AD0003804A7 /* Main.storyboard */; };
		F39E3A15225E4F8C003804A7 /* GattCustomAdvertisement.swift in Sources */ = {isa = PBXBuildFile; fileRef = F39E3A14225E4F8C003804A7 /* GattCustomAdvertisement.swift */; };
/* End PBXBuildFile section */

/* Begin PBXCopyFilesBuildPhase section */
		F364363F227072F1005D6C70 /* Embed Frameworks */ = {
			isa = PBXCopyFilesBuildPhase;
			buildActionMask = 2147483647;
			dstPath = "";
			dstSubfolderSpec = 10;
			files = (
				F3643644227073CE005D6C70 /* Nevanlinna.framework in Embed Frameworks */,
				F364363E227072F1005D6C70 /* Gormsson.framework in Embed Frameworks */,
			);
			name = "Embed Frameworks";
			runOnlyForDeploymentPostprocessing = 0;
		};
/* End PBXCopyFilesBuildPhase section */

/* Begin PBXFileReference section */
		4A5E69FA962B0ACEBF88B0EF /* Pods_Gormsson.framework */ = {isa = PBXFileReference; explicitFileType = wrapper.framework; includeInIndex = 0; path = Pods_Gormsson.framework; sourceTree = BUILT_PRODUCTS_DIR; };
		6D5037F62256092300D8CB7A /* GormssonDemo.app */ = {isa = PBXFileReference; explicitFileType = wrapper.application; includeInIndex = 0; path = GormssonDemo.app; sourceTree = BUILT_PRODUCTS_DIR; };
		F364363422707298005D6C70 /* Nevanlinna.framework */ = {isa = PBXFileReference; explicitFileType = wrapper.framework; path = Nevanlinna.framework; sourceTree = BUILT_PRODUCTS_DIR; };
		F364363C227072F1005D6C70 /* Gormsson.framework */ = {isa = PBXFileReference; explicitFileType = wrapper.framework; path = Gormsson.framework; sourceTree = BUILT_PRODUCTS_DIR; };
		F3643640227072FD005D6C70 /* Nevanlinna.framework */ = {isa = PBXFileReference; explicitFileType = wrapper.framework; path = Nevanlinna.framework; sourceTree = BUILT_PRODUCTS_DIR; };
		F39E39F0225E3A69003804A7 /* GormssonDemo-Bridging-Header.h */ = {isa = PBXFileReference; lastKnownFileType = sourcecode.c.h; path = "GormssonDemo-Bridging-Header.h"; sourceTree = "<group>"; };
		F39E39F6225E3A69003804A7 /* AppDelegate.swift */ = {isa = PBXFileReference; fileEncoding = 4; lastKnownFileType = sourcecode.swift; path = AppDelegate.swift; sourceTree = "<group>"; };
		F39E39F7225E3A69003804A7 /* Assets.xcassets */ = {isa = PBXFileReference; lastKnownFileType = folder.assetcatalog; path = Assets.xcassets; sourceTree = "<group>"; };
		F39E39F8225E3A69003804A7 /* Info.plist */ = {isa = PBXFileReference; fileEncoding = 4; lastKnownFileType = text.plist.xml; path = Info.plist; sourceTree = "<group>"; };
		F39E39F9225E3A69003804A7 /* DetailViewController.swift */ = {isa = PBXFileReference; fileEncoding = 4; lastKnownFileType = sourcecode.swift; path = DetailViewController.swift; sourceTree = "<group>"; };
		F39E39FB225E3A69003804A7 /* GPSControlService.swift */ = {isa = PBXFileReference; fileEncoding = 4; lastKnownFileType = sourcecode.swift; path = GPSControlService.swift; sourceTree = "<group>"; };
		F39E39FC225E3A6A003804A7 /* MasterViewController.swift */ = {isa = PBXFileReference; fileEncoding = 4; lastKnownFileType = sourcecode.swift; path = MasterViewController.swift; sourceTree = "<group>"; };
		F39E3A06225E3A8E003804A7 /* Gormsson.framework */ = {isa = PBXFileReference; explicitFileType = wrapper.framework; path = Gormsson.framework; sourceTree = BUILT_PRODUCTS_DIR; };
		F39E3A0D225E3AD0003804A7 /* Base */ = {isa = PBXFileReference; lastKnownFileType = file.storyboard; name = Base; path = Base.lproj/LaunchScreen.storyboard; sourceTree = "<group>"; };
		F39E3A0F225E3AD0003804A7 /* Base */ = {isa = PBXFileReference; lastKnownFileType = file.storyboard; name = Base; path = Base.lproj/Main.storyboard; sourceTree = "<group>"; };
		F39E3A14225E4F8C003804A7 /* GattCustomAdvertisement.swift */ = {isa = PBXFileReference; lastKnownFileType = sourcecode.swift; path = GattCustomAdvertisement.swift; sourceTree = "<group>"; };
/* End PBXFileReference section */

/* Begin PBXFrameworksBuildPhase section */
		6D5037F32256092300D8CB7A /* Frameworks */ = {
			isa = PBXFrameworksBuildPhase;
			buildActionMask = 2147483647;
			files = (
				F3643643227073CE005D6C70 /* Nevanlinna.framework in Frameworks */,
				F364363D227072F1005D6C70 /* Gormsson.framework in Frameworks */,
			);
			runOnlyForDeploymentPostprocessing = 0;
		};
/* End PBXFrameworksBuildPhase section */

/* Begin PBXGroup section */
		6D5037ED2256092300D8CB7A = {
			isa = PBXGroup;
			children = (
				F3643640227072FD005D6C70 /* Nevanlinna.framework */,
				F364363C227072F1005D6C70 /* Gormsson.framework */,
				F39E39F0225E3A69003804A7 /* GormssonDemo-Bridging-Header.h */,
				F39E39F8225E3A69003804A7 /* Info.plist */,
				F39E39F6225E3A69003804A7 /* AppDelegate.swift */,
				F39E39FC225E3A6A003804A7 /* MasterViewController.swift */,
				F39E39F9225E3A69003804A7 /* DetailViewController.swift */,
				F39E3A14225E4F8C003804A7 /* GattCustomAdvertisement.swift */,
				F39E39FA225E3A69003804A7 /* GattCustomCharacteristic */,
				F39E3A0C225E3AD0003804A7 /* LaunchScreen.storyboard */,
				F39E3A0E225E3AD0003804A7 /* Main.storyboard */,
				F39E39F7225E3A69003804A7 /* Assets.xcassets */,
				6D5037F72256092300D8CB7A /* Products */,
				F39E3A05225E3A8E003804A7 /* Frameworks */,
				F364361D227071F1005D6C70 /* Recovered References */,
			);
			sourceTree = "<group>";
		};
		6D5037F72256092300D8CB7A /* Products */ = {
			isa = PBXGroup;
			children = (
				6D5037F62256092300D8CB7A /* GormssonDemo.app */,
			);
			name = Products;
			sourceTree = "<group>";
		};
		F364361D227071F1005D6C70 /* Recovered References */ = {
			isa = PBXGroup;
			children = (
				4A5E69FA962B0ACEBF88B0EF /* Pods_Gormsson.framework */,
			);
			name = "Recovered References";
			sourceTree = "<group>";
		};
		F39E39FA225E3A69003804A7 /* GattCustomCharacteristic */ = {
			isa = PBXGroup;
			children = (
				F39E39FB225E3A69003804A7 /* GPSControlService.swift */,
			);
			path = GattCustomCharacteristic;
			sourceTree = "<group>";
		};
		F39E3A05225E3A8E003804A7 /* Frameworks */ = {
			isa = PBXGroup;
			children = (
				F364363422707298005D6C70 /* Nevanlinna.framework */,
				F39E3A06225E3A8E003804A7 /* Gormsson.framework */,
			);
			name = Frameworks;
			sourceTree = "<group>";
		};
/* End PBXGroup section */

/* Begin PBXNativeTarget section */
		6D5037F52256092300D8CB7A /* GormssonDemo */ = {
			isa = PBXNativeTarget;
			buildConfigurationList = 6D50380A2256092500D8CB7A /* Build configuration list for PBXNativeTarget "GormssonDemo" */;
			buildPhases = (
				6D5037F22256092300D8CB7A /* Sources */,
				6D5037F32256092300D8CB7A /* Frameworks */,
				6D5037F42256092300D8CB7A /* Resources */,
				F364363F227072F1005D6C70 /* Embed Frameworks */,
			);
			buildRules = (
			);
			dependencies = (
			);
			name = GormssonDemo;
			productName = GormssonDemo;
			productReference = 6D5037F62256092300D8CB7A /* GormssonDemo.app */;
			productType = "com.apple.product-type.application";
		};
/* End PBXNativeTarget section */

/* Begin PBXProject section */
		6D5037EE2256092300D8CB7A /* Project object */ = {
			isa = PBXProject;
			attributes = {
				LastSwiftUpdateCheck = 1020;
				LastUpgradeCheck = 1020;
				ORGANIZATIONNAME = "Damien Noël Dubuisson";
				TargetAttributes = {
					6D5037F52256092300D8CB7A = {
						CreatedOnToolsVersion = 10.2;
						LastSwiftMigration = 1020;
					};
				};
			};
			buildConfigurationList = 6D5037F12256092300D8CB7A /* Build configuration list for PBXProject "GormssonDemo" */;
			compatibilityVersion = "Xcode 9.3";
			developmentRegion = en;
			hasScannedForEncodings = 0;
			knownRegions = (
				en,
				Base,
			);
			mainGroup = 6D5037ED2256092300D8CB7A;
			productRefGroup = 6D5037F72256092300D8CB7A /* Products */;
			projectDirPath = "";
			projectRoot = "";
			targets = (
				6D5037F52256092300D8CB7A /* GormssonDemo */,
			);
		};
/* End PBXProject section */

/* Begin PBXResourcesBuildPhase section */
		6D5037F42256092300D8CB7A /* Resources */ = {
			isa = PBXResourcesBuildPhase;
			buildActionMask = 2147483647;
			files = (
				F39E3A11225E3AD0003804A7 /* Main.storyboard in Resources */,
				F39E3A00225E3A6A003804A7 /* Assets.xcassets in Resources */,
				F39E3A10225E3AD0003804A7 /* LaunchScreen.storyboard in Resources */,
			);
			runOnlyForDeploymentPostprocessing = 0;
		};
/* End PBXResourcesBuildPhase section */

/* Begin PBXSourcesBuildPhase section */
		6D5037F22256092300D8CB7A /* Sources */ = {
			isa = PBXSourcesBuildPhase;
			buildActionMask = 2147483647;
			files = (
				F39E3A04225E3A6A003804A7 /* MasterViewController.swift in Sources */,
				F39E3A15225E4F8C003804A7 /* GattCustomAdvertisement.swift in Sources */,
				F39E3A03225E3A6A003804A7 /* GPSControlService.swift in Sources */,
				F39E39FF225E3A6A003804A7 /* AppDelegate.swift in Sources */,
				F39E3A02225E3A6A003804A7 /* DetailViewController.swift in Sources */,
			);
			runOnlyForDeploymentPostprocessing = 0;
		};
/* End PBXSourcesBuildPhase section */

/* Begin PBXVariantGroup section */
		F39E3A0C225E3AD0003804A7 /* LaunchScreen.storyboard */ = {
			isa = PBXVariantGroup;
			children = (
				F39E3A0D225E3AD0003804A7 /* Base */,
			);
			name = LaunchScreen.storyboard;
			sourceTree = "<group>";
		};
		F39E3A0E225E3AD0003804A7 /* Main.storyboard */ = {
			isa = PBXVariantGroup;
			children = (
				F39E3A0F225E3AD0003804A7 /* Base */,
			);
			name = Main.storyboard;
			sourceTree = "<group>";
		};
/* End PBXVariantGroup section */

/* Begin XCBuildConfiguration section */
		6D5038082256092500D8CB7A /* Debug */ = {
			isa = XCBuildConfiguration;
			buildSettings = {
				ALWAYS_SEARCH_USER_PATHS = NO;
				CLANG_ANALYZER_NONNULL = YES;
				CLANG_ANALYZER_NUMBER_OBJECT_CONVERSION = YES_AGGRESSIVE;
				CLANG_CXX_LANGUAGE_STANDARD = "gnu++14";
				CLANG_CXX_LIBRARY = "libc++";
				CLANG_ENABLE_MODULES = YES;
				CLANG_ENABLE_OBJC_ARC = YES;
				CLANG_ENABLE_OBJC_WEAK = YES;
				CLANG_WARN_BLOCK_CAPTURE_AUTORELEASING = YES;
				CLANG_WARN_BOOL_CONVERSION = YES;
				CLANG_WARN_COMMA = YES;
				CLANG_WARN_CONSTANT_CONVERSION = YES;
				CLANG_WARN_DEPRECATED_OBJC_IMPLEMENTATIONS = YES;
				CLANG_WARN_DIRECT_OBJC_ISA_USAGE = YES_ERROR;
				CLANG_WARN_DOCUMENTATION_COMMENTS = YES;
				CLANG_WARN_EMPTY_BODY = YES;
				CLANG_WARN_ENUM_CONVERSION = YES;
				CLANG_WARN_INFINITE_RECURSION = YES;
				CLANG_WARN_INT_CONVERSION = YES;
				CLANG_WARN_NON_LITERAL_NULL_CONVERSION = YES;
				CLANG_WARN_OBJC_IMPLICIT_RETAIN_SELF = YES;
				CLANG_WARN_OBJC_LITERAL_CONVERSION = YES;
				CLANG_WARN_OBJC_ROOT_CLASS = YES_ERROR;
				CLANG_WARN_RANGE_LOOP_ANALYSIS = YES;
				CLANG_WARN_STRICT_PROTOTYPES = YES;
				CLANG_WARN_SUSPICIOUS_MOVE = YES;
				CLANG_WARN_UNGUARDED_AVAILABILITY = YES_AGGRESSIVE;
				CLANG_WARN_UNREACHABLE_CODE = YES;
				CLANG_WARN__DUPLICATE_METHOD_MATCH = YES;
				CODE_SIGN_IDENTITY = "iPhone Developer";
				COPY_PHASE_STRIP = NO;
				DEBUG_INFORMATION_FORMAT = dwarf;
				ENABLE_STRICT_OBJC_MSGSEND = YES;
				ENABLE_TESTABILITY = YES;
				GCC_C_LANGUAGE_STANDARD = gnu11;
				GCC_DYNAMIC_NO_PIC = NO;
				GCC_NO_COMMON_BLOCKS = YES;
				GCC_OPTIMIZATION_LEVEL = 0;
				GCC_PREPROCESSOR_DEFINITIONS = (
					"DEBUG=1",
					"$(inherited)",
				);
				GCC_WARN_64_TO_32_BIT_CONVERSION = YES;
				GCC_WARN_ABOUT_RETURN_TYPE = YES_ERROR;
				GCC_WARN_UNDECLARED_SELECTOR = YES;
				GCC_WARN_UNINITIALIZED_AUTOS = YES_AGGRESSIVE;
				GCC_WARN_UNUSED_FUNCTION = YES;
				GCC_WARN_UNUSED_VARIABLE = YES;
				IPHONEOS_DEPLOYMENT_TARGET = 9.1;
				MTL_ENABLE_DEBUG_INFO = INCLUDE_SOURCE;
				MTL_FAST_MATH = YES;
				ONLY_ACTIVE_ARCH = YES;
				SDKROOT = iphoneos;
				SWIFT_ACTIVE_COMPILATION_CONDITIONS = DEBUG;
				SWIFT_OPTIMIZATION_LEVEL = "-Onone";
			};
			name = Debug;
		};
		6D5038092256092500D8CB7A /* Release */ = {
			isa = XCBuildConfiguration;
			buildSettings = {
				ALWAYS_SEARCH_USER_PATHS = NO;
				CLANG_ANALYZER_NONNULL = YES;
				CLANG_ANALYZER_NUMBER_OBJECT_CONVERSION = YES_AGGRESSIVE;
				CLANG_CXX_LANGUAGE_STANDARD = "gnu++14";
				CLANG_CXX_LIBRARY = "libc++";
				CLANG_ENABLE_MODULES = YES;
				CLANG_ENABLE_OBJC_ARC = YES;
				CLANG_ENABLE_OBJC_WEAK = YES;
				CLANG_WARN_BLOCK_CAPTURE_AUTORELEASING = YES;
				CLANG_WARN_BOOL_CONVERSION = YES;
				CLANG_WARN_COMMA = YES;
				CLANG_WARN_CONSTANT_CONVERSION = YES;
				CLANG_WARN_DEPRECATED_OBJC_IMPLEMENTATIONS = YES;
				CLANG_WARN_DIRECT_OBJC_ISA_USAGE = YES_ERROR;
				CLANG_WARN_DOCUMENTATION_COMMENTS = YES;
				CLANG_WARN_EMPTY_BODY = YES;
				CLANG_WARN_ENUM_CONVERSION = YES;
				CLANG_WARN_INFINITE_RECURSION = YES;
				CLANG_WARN_INT_CONVERSION = YES;
				CLANG_WARN_NON_LITERAL_NULL_CONVERSION = YES;
				CLANG_WARN_OBJC_IMPLICIT_RETAIN_SELF = YES;
				CLANG_WARN_OBJC_LITERAL_CONVERSION = YES;
				CLANG_WARN_OBJC_ROOT_CLASS = YES_ERROR;
				CLANG_WARN_RANGE_LOOP_ANALYSIS = YES;
				CLANG_WARN_STRICT_PROTOTYPES = YES;
				CLANG_WARN_SUSPICIOUS_MOVE = YES;
				CLANG_WARN_UNGUARDED_AVAILABILITY = YES_AGGRESSIVE;
				CLANG_WARN_UNREACHABLE_CODE = YES;
				CLANG_WARN__DUPLICATE_METHOD_MATCH = YES;
				CODE_SIGN_IDENTITY = "iPhone Developer";
				COPY_PHASE_STRIP = NO;
				DEBUG_INFORMATION_FORMAT = "dwarf-with-dsym";
				ENABLE_NS_ASSERTIONS = NO;
				ENABLE_STRICT_OBJC_MSGSEND = YES;
				GCC_C_LANGUAGE_STANDARD = gnu11;
				GCC_NO_COMMON_BLOCKS = YES;
				GCC_WARN_64_TO_32_BIT_CONVERSION = YES;
				GCC_WARN_ABOUT_RETURN_TYPE = YES_ERROR;
				GCC_WARN_UNDECLARED_SELECTOR = YES;
				GCC_WARN_UNINITIALIZED_AUTOS = YES_AGGRESSIVE;
				GCC_WARN_UNUSED_FUNCTION = YES;
				GCC_WARN_UNUSED_VARIABLE = YES;
				IPHONEOS_DEPLOYMENT_TARGET = 9.1;
				MTL_ENABLE_DEBUG_INFO = NO;
				MTL_FAST_MATH = YES;
				SDKROOT = iphoneos;
				SWIFT_COMPILATION_MODE = wholemodule;
				SWIFT_OPTIMIZATION_LEVEL = "-O";
				VALIDATE_PRODUCT = YES;
			};
			name = Release;
		};
		6D50380B2256092500D8CB7A /* Debug */ = {
			isa = XCBuildConfiguration;
			buildSettings = {
				ASSETCATALOG_COMPILER_APPICON_NAME = AppIcon;
				CLANG_ENABLE_MODULES = YES;
				CODE_SIGN_STYLE = Automatic;
				DEVELOPMENT_TEAM = W6S4Z2KMUS;
				INFOPLIST_FILE = Info.plist;
				IPHONEOS_DEPLOYMENT_TARGET = 9.1;
				LD_RUNPATH_SEARCH_PATHS = (
					"$(inherited)",
					"@executable_path/Frameworks",
				);
				PRODUCT_BUNDLE_IDENTIFIER = com.surfin.GormssonDemo;
				PRODUCT_NAME = "$(TARGET_NAME)";
				SWIFT_OBJC_BRIDGING_HEADER = "GormssonDemo-Bridging-Header.h";
				SWIFT_OPTIMIZATION_LEVEL = "-Onone";
				SWIFT_VERSION = 5.0;
				TARGETED_DEVICE_FAMILY = "1,2";
			};
			name = Debug;
		};
		6D50380C2256092500D8CB7A /* Release */ = {
			isa = XCBuildConfiguration;
			buildSettings = {
				ASSETCATALOG_COMPILER_APPICON_NAME = AppIcon;
				CLANG_ENABLE_MODULES = YES;
				CODE_SIGN_STYLE = Automatic;
				DEVELOPMENT_TEAM = W6S4Z2KMUS;
				INFOPLIST_FILE = Info.plist;
				IPHONEOS_DEPLOYMENT_TARGET = 9.1;
				LD_RUNPATH_SEARCH_PATHS = (
					"$(inherited)",
					"@executable_path/Frameworks",
				);
				PRODUCT_BUNDLE_IDENTIFIER = com.surfin.GormssonDemo;
				PRODUCT_NAME = "$(TARGET_NAME)";
				SWIFT_OBJC_BRIDGING_HEADER = "GormssonDemo-Bridging-Header.h";
				SWIFT_VERSION = 5.0;
				TARGETED_DEVICE_FAMILY = "1,2";
			};
			name = Release;
		};
/* End XCBuildConfiguration section */

/* Begin XCConfigurationList section */
		6D5037F12256092300D8CB7A /* Build configuration list for PBXProject "GormssonDemo" */ = {
			isa = XCConfigurationList;
			buildConfigurations = (
				6D5038082256092500D8CB7A /* Debug */,
				6D5038092256092500D8CB7A /* Release */,
			);
			defaultConfigurationIsVisible = 0;
			defaultConfigurationName = Release;
		};
		6D50380A2256092500D8CB7A /* Build configuration list for PBXNativeTarget "GormssonDemo" */ = {
			isa = XCConfigurationList;
			buildConfigurations = (
				6D50380B2256092500D8CB7A /* Debug */,
				6D50380C2256092500D8CB7A /* Release */,
			);
			defaultConfigurationIsVisible = 0;
			defaultConfigurationName = Release;
		};
/* End XCConfigurationList section */
	};
	rootObject = 6D5037EE2256092300D8CB7A /* Project object */;
}
